
Microsoft Visual Studio Solution File, Format Version 12.00
# Visual Studio Version 17
VisualStudioVersion = 17.11.35222.181
MinimumVisualStudioVersion = 10.0.40219.1
Project("{FAE04EC0-301F-11D3-BF4B-00C04F79EFBC}") = "vasar", "vasar\vasar.csproj", "{7E256A55-FE7C-4076-8074-D4CA974CBB58}"
EndProject
Global
	GlobalSection(SolutionConfigurationPlatforms) = preSolution
		Debug|Any CPU = Debug|Any CPU
		Release|Any CPU = Release|Any CPU
	EndGlobalSection
	GlobalSection(ProjectConfigurationPlatforms) = postSolution
		{7E256A55-FE7C-4076-8074-D4CA974CBB58}.Debug|Any CPU.ActiveCfg = Debug|Any CPU
		{7E256A55-FE7C-4076-8074-D4CA974CBB58}.Debug|Any CPU.Build.0 = Debug|Any CPU
		{7E256A55-FE7C-4076-8074-D4CA974CBB58}.Release|Any CPU.ActiveCfg = Release|Any CPU
		{7E256A55-FE7C-4076-8074-D4CA974CBB58}.Release|Any CPU.Build.0 = Release|Any CPU
	EndGlobalSection
	GlobalSection(SolutionProperties) = preSolution
		HideSolutionNode = FALSE
	EndGlobalSection
	GlobalSection(ExtensibilityGlobals) = postSolution
		SolutionGuid = {C75E9160-1F5D-4E17-A0E0-2E4EE758B6F7}
	EndGlobalSection
EndGlobal
